
Microsoft Visual Studio Solution File, Format Version 12.00
# Visual Studio Version 17
VisualStudioVersion = 17.8.34322.80
MinimumVisualStudioVersion = 10.0.40219.1
Project("{FAE04EC0-301F-11D3-BF4B-00C04F79EFBC}") = "PropertyBuilderWPF", "PropertyBuilderWPF\PropertyBuilderWPF.csproj", "{452124D4-8E19-426C-BA0F-9EC2B8BB005C}"
EndProject
Project("{FAE04EC0-301F-11D3-BF4B-00C04F79EFBC}") = "PropertyBuilderCore", "PropertyBuilderCore\PropertyBuilderCore.csproj", "{1171D97E-A7F8-42F8-B0D3-A9D3A09993F7}"
EndProject
Global
	GlobalSection(SolutionConfigurationPlatforms) = preSolution
		Debug|Any CPU = Debug|Any CPU
		Release|Any CPU = Release|Any CPU
	EndGlobalSection
	GlobalSection(ProjectConfigurationPlatforms) = postSolution
		{452124D4-8E19-426C-BA0F-9EC2B8BB005C}.Debug|Any CPU.ActiveCfg = Debug|Any CPU
		{452124D4-8E19-426C-BA0F-9EC2B8BB005C}.Debug|Any CPU.Build.0 = Debug|Any CPU
		{452124D4-8E19-426C-BA0F-9EC2B8BB005C}.Release|Any CPU.ActiveCfg = Release|Any CPU
		{452124D4-8E19-426C-BA0F-9EC2B8BB005C}.Release|Any CPU.Build.0 = Release|Any CPU
		{1171D97E-A7F8-42F8-B0D3-A9D3A09993F7}.Debug|Any CPU.ActiveCfg = Debug|Any CPU
		{1171D97E-A7F8-42F8-B0D3-A9D3A09993F7}.Debug|Any CPU.Build.0 = Debug|Any CPU
		{1171D97E-A7F8-42F8-B0D3-A9D3A09993F7}.Release|Any CPU.ActiveCfg = Release|Any CPU
		{1171D97E-A7F8-42F8-B0D3-A9D3A09993F7}.Release|Any CPU.Build.0 = Release|Any CPU
	EndGlobalSection
	GlobalSection(SolutionProperties) = preSolution
		HideSolutionNode = FALSE
	EndGlobalSection
	GlobalSection(ExtensibilityGlobals) = postSolution
		SolutionGuid = {F3B0C383-E0FA-4A99-8439-CDA0A722D8BB}
	EndGlobalSection
EndGlobal
